
Microsoft Visual Studio Solution File, Format Version 12.00
# Visual Studio Version 16
VisualStudioVersion = 16.0.29418.71
MinimumVisualStudioVersion = 10.0.40219.1
Project("{9A19103F-16F7-4668-BE54-9A1E7A4F7556}") = "DataAccess", "DataAccess\DataAccess.csproj", "{1C0E87AD-3178-4269-9A1D-20FC4C9FB245}"
EndProject
Project("{FAE04EC0-301F-11D3-BF4B-00C04F79EFBC}") = "Application", "Application\Application.csproj", "{5E491A7C-E1C6-461C-B55A-E0715C5516B1}"
EndProject
Project("{FAE04EC0-301F-11D3-BF4B-00C04F79EFBC}") = "API", "API\API.csproj", "{720CA8EB-DDD0-428F-9CC0-E25B15D9843B}"
EndProject
Project("{FAE04EC0-301F-11D3-BF4B-00C04F79EFBC}") = "EfCommands", "EfCommands\EfCommands.csproj", "{94A2B5AC-58D5-4FFA-B7CE-29CAF3DCD095}"
EndProject
Global
	GlobalSection(SolutionConfigurationPlatforms) = preSolution
		Debug|Any CPU = Debug|Any CPU
		Release|Any CPU = Release|Any CPU
	EndGlobalSection
	GlobalSection(ProjectConfigurationPlatforms) = postSolution
		{1C0E87AD-3178-4269-9A1D-20FC4C9FB245}.Debug|Any CPU.ActiveCfg = Debug|Any CPU
		{1C0E87AD-3178-4269-9A1D-20FC4C9FB245}.Debug|Any CPU.Build.0 = Debug|Any CPU
		{1C0E87AD-3178-4269-9A1D-20FC4C9FB245}.Release|Any CPU.ActiveCfg = Release|Any CPU
		{1C0E87AD-3178-4269-9A1D-20FC4C9FB245}.Release|Any CPU.Build.0 = Release|Any CPU
		{5E491A7C-E1C6-461C-B55A-E0715C5516B1}.Debug|Any CPU.ActiveCfg = Debug|Any CPU
		{5E491A7C-E1C6-461C-B55A-E0715C5516B1}.Debug|Any CPU.Build.0 = Debug|Any CPU
		{5E491A7C-E1C6-461C-B55A-E0715C5516B1}.Release|Any CPU.ActiveCfg = Release|Any CPU
		{5E491A7C-E1C6-461C-B55A-E0715C5516B1}.Release|Any CPU.Build.0 = Release|Any CPU
		{720CA8EB-DDD0-428F-9CC0-E25B15D9843B}.Debug|Any CPU.ActiveCfg = Debug|Any CPU
		{720CA8EB-DDD0-428F-9CC0-E25B15D9843B}.Debug|Any CPU.Build.0 = Debug|Any CPU
		{720CA8EB-DDD0-428F-9CC0-E25B15D9843B}.Release|Any CPU.ActiveCfg = Release|Any CPU
		{720CA8EB-DDD0-428F-9CC0-E25B15D9843B}.Release|Any CPU.Build.0 = Release|Any CPU
		{94A2B5AC-58D5-4FFA-B7CE-29CAF3DCD095}.Debug|Any CPU.ActiveCfg = Debug|Any CPU
		{94A2B5AC-58D5-4FFA-B7CE-29CAF3DCD095}.Debug|Any CPU.Build.0 = Debug|Any CPU
		{94A2B5AC-58D5-4FFA-B7CE-29CAF3DCD095}.Release|Any CPU.ActiveCfg = Release|Any CPU
		{94A2B5AC-58D5-4FFA-B7CE-29CAF3DCD095}.Release|Any CPU.Build.0 = Release|Any CPU
	EndGlobalSection
	GlobalSection(SolutionProperties) = preSolution
		HideSolutionNode = FALSE
	EndGlobalSection
	GlobalSection(ExtensibilityGlobals) = postSolution
		SolutionGuid = {19FF2148-BE77-495D-A3F6-0D94525BE04E}
	EndGlobalSection
EndGlobal
